
Microsoft Visual Studio Solution File, Format Version 12.00
# Visual Studio Version 17
VisualStudioVersion = 17.9.34622.214
MinimumVisualStudioVersion = 10.0.40219.1
Project("{FAE04EC0-301F-11D3-BF4B-00C04F79EFBC}") = "percobaan seadanya", "percobaan seadanya.csproj", "{D7E17470-47DF-4EC1-9E79-B736D8EE36E1}"
EndProject
Global
	GlobalSection(SolutionConfigurationPlatforms) = preSolution
		Debug|Any CPU = Debug|Any CPU
		Release|Any CPU = Release|Any CPU
	EndGlobalSection
	GlobalSection(ProjectConfigurationPlatforms) = postSolution
		{D7E17470-47DF-4EC1-9E79-B736D8EE36E1}.Debug|Any CPU.ActiveCfg = Debug|Any CPU
		{D7E17470-47DF-4EC1-9E79-B736D8EE36E1}.Debug|Any CPU.Build.0 = Debug|Any CPU
		{D7E17470-47DF-4EC1-9E79-B736D8EE36E1}.Release|Any CPU.ActiveCfg = Release|Any CPU
		{D7E17470-47DF-4EC1-9E79-B736D8EE36E1}.Release|Any CPU.Build.0 = Release|Any CPU
	EndGlobalSection
	GlobalSection(SolutionProperties) = preSolution
		HideSolutionNode = FALSE
	EndGlobalSection
	GlobalSection(ExtensibilityGlobals) = postSolution
		SolutionGuid = {43DBAFA7-C4EF-4E5C-85B9-47408459B3E6}
	EndGlobalSection
EndGlobal
